
Microsoft Visual Studio Solution File, Format Version 12.00
# Visual Studio Version 17
VisualStudioVersion = 17.14.36616.10
MinimumVisualStudioVersion = 10.0.40219.1
Project("{FAE04EC0-301F-11D3-BF4B-00C04F79EFBC}") = "BlogSharpWebsite.DataAccessLibrary", "BlogSharpWebsite.DataAccessLibrary\BlogSharpWebsite.DataAccessLibrary.csproj", "{69A16BDE-C4B2-46D6-914E-D92448FBB0DE}"
EndProject
Project("{FAE04EC0-301F-11D3-BF4B-00C04F79EFBC}") = "BlogSharpWebsite.Test", "BlogSharpWebsite.Test\BlogSharpWebsite.Test.csproj", "{13947318-8907-4EA6-BB73-CE9CCC7536F2}"
EndProject
Global
	GlobalSection(SolutionConfigurationPlatforms) = preSolution
		Debug|Any CPU = Debug|Any CPU
		Release|Any CPU = Release|Any CPU
	EndGlobalSection
	GlobalSection(ProjectConfigurationPlatforms) = postSolution
		{69A16BDE-C4B2-46D6-914E-D92448FBB0DE}.Debug|Any CPU.ActiveCfg = Debug|Any CPU
		{69A16BDE-C4B2-46D6-914E-D92448FBB0DE}.Debug|Any CPU.Build.0 = Debug|Any CPU
		{69A16BDE-C4B2-46D6-914E-D92448FBB0DE}.Release|Any CPU.ActiveCfg = Release|Any CPU
		{69A16BDE-C4B2-46D6-914E-D92448FBB0DE}.Release|Any CPU.Build.0 = Release|Any CPU
		{13947318-8907-4EA6-BB73-CE9CCC7536F2}.Debug|Any CPU.ActiveCfg = Debug|Any CPU
		{13947318-8907-4EA6-BB73-CE9CCC7536F2}.Debug|Any CPU.Build.0 = Debug|Any CPU
		{13947318-8907-4EA6-BB73-CE9CCC7536F2}.Release|Any CPU.ActiveCfg = Release|Any CPU
		{13947318-8907-4EA6-BB73-CE9CCC7536F2}.Release|Any CPU.Build.0 = Release|Any CPU
	EndGlobalSection
	GlobalSection(SolutionProperties) = preSolution
		HideSolutionNode = FALSE
	EndGlobalSection
	GlobalSection(ExtensibilityGlobals) = postSolution
		SolutionGuid = {AB58DF86-141C-4DAE-B05D-807C78C0BA04}
	EndGlobalSection
EndGlobal
